
Microsoft Visual Studio Solution File, Format Version 12.00
# Visual Studio 15
VisualStudioVersion = 15.0.28010.2048
MinimumVisualStudioVersion = 10.0.40219.1
Project("{FAE04EC0-301F-11D3-BF4B-00C04F79EFBC}") = "Weather", "Weather\Weather.csproj", "{DA1D30E6-9E1E-4555-BCEA-E98C1AA5121E}"
EndProject
Global
	GlobalSection(SolutionConfigurationPlatforms) = preSolution
		Debug|ARM = Debug|ARM
		Debug|x64 = Debug|x64
		Debug|x86 = Debug|x86
		Release|ARM = Release|ARM
		Release|x64 = Release|x64
		Release|x86 = Release|x86
	EndGlobalSection
	GlobalSection(ProjectConfigurationPlatforms) = postSolution
		{DA1D30E6-9E1E-4555-BCEA-E98C1AA5121E}.Debug|ARM.ActiveCfg = Debug|ARM
		{DA1D30E6-9E1E-4555-BCEA-E98C1AA5121E}.Debug|ARM.Build.0 = Debug|ARM
		{DA1D30E6-9E1E-4555-BCEA-E98C1AA5121E}.Debug|ARM.Deploy.0 = Debug|ARM
		{DA1D30E6-9E1E-4555-BCEA-E98C1AA5121E}.Debug|x64.ActiveCfg = Debug|x64
		{DA1D30E6-9E1E-4555-BCEA-E98C1AA5121E}.Debug|x64.Build.0 = Debug|x64
		{DA1D30E6-9E1E-4555-BCEA-E98C1AA5121E}.Debug|x64.Deploy.0 = Debug|x64
		{DA1D30E6-9E1E-4555-BCEA-E98C1AA5121E}.Debug|x86.ActiveCfg = Debug|x86
		{DA1D30E6-9E1E-4555-BCEA-E98C1AA5121E}.Debug|x86.Build.0 = Debug|x86
		{DA1D30E6-9E1E-4555-BCEA-E98C1AA5121E}.Debug|x86.Deploy.0 = Debug|x86
		{DA1D30E6-9E1E-4555-BCEA-E98C1AA5121E}.Release|ARM.ActiveCfg = Release|ARM
		{DA1D30E6-9E1E-4555-BCEA-E98C1AA5121E}.Release|ARM.Build.0 = Release|ARM
		{DA1D30E6-9E1E-4555-BCEA-E98C1AA5121E}.Release|ARM.Deploy.0 = Release|ARM
		{DA1D30E6-9E1E-4555-BCEA-E98C1AA5121E}.Release|x64.ActiveCfg = Release|x64
		{DA1D30E6-9E1E-4555-BCEA-E98C1AA5121E}.Release|x64.Build.0 = Release|x64
		{DA1D30E6-9E1E-4555-BCEA-E98C1AA5121E}.Release|x64.Deploy.0 = Release|x64
		{DA1D30E6-9E1E-4555-BCEA-E98C1AA5121E}.Release|x86.ActiveCfg = Release|x86
		{DA1D30E6-9E1E-4555-BCEA-E98C1AA5121E}.Release|x86.Build.0 = Release|x86
		{DA1D30E6-9E1E-4555-BCEA-E98C1AA5121E}.Release|x86.Deploy.0 = Release|x86
	EndGlobalSection
	GlobalSection(SolutionProperties) = preSolution
		HideSolutionNode = FALSE
	EndGlobalSection
	GlobalSection(ExtensibilityGlobals) = postSolution
		SolutionGuid = {86828133-B4EA-4542-8EE4-46B716D60713}
	EndGlobalSection
EndGlobal
